// !$*UTF8*$!
{
	archiveVersion = 1;
	classes = {
	};
	objectVersion = 50;
	objects = {

/* Begin PBXBuildFile section */
		7F436A7B23507EDD00A620BA /* AppDelegate.swift in Sources */ = {isa = PBXBuildFile; fileRef = 7F436A7A23507EDD00A620BA /* AppDelegate.swift */; };
		7F436A7D23507EDD00A620BA /* ViewController.swift in Sources */ = {isa = PBXBuildFile; fileRef = 7F436A7C23507EDD00A620BA /* ViewController.swift */; };
		7F436A8023507EDD00A620BA /* Main.storyboard in Resources */ = {isa = PBXBuildFile; fileRef = 7F436A7E23507EDD00A620BA /* Main.storyboard */; };
		7F436A8223507EDD00A620BA /* Assets.xcassets in Resources */ = {isa = PBXBuildFile; fileRef = 7F436A8123507EDD00A620BA /* Assets.xcassets */; };
		7F436A8523507EDD00A620BA /* LaunchScreen.storyboard in Resources */ = {isa = PBXBuildFile; fileRef = 7F436A8323507EDD00A620BA /* LaunchScreen.storyboard */; };
		7F4C46832359C11000C5F3DE /* data.swift in Sources */ = {isa = PBXBuildFile; fileRef = 7F4C46822359C11000C5F3DE /* data.swift */; };
		7FCE651723546C6200DE69A1 /* ScoreViewController.swift in Sources */ = {isa = PBXBuildFile; fileRef = 7FCE651623546C6200DE69A1 /* ScoreViewController.swift */; };
/* End PBXBuildFile section */

/* Begin PBXFileReference section */
		7F436A7723507EDD00A620BA /* JuegoMemoria.app */ = {isa = PBXFileReference; explicitFileType = wrapper.application; includeInIndex = 0; path = JuegoMemoria.app; sourceTree = BUILT_PRODUCTS_DIR; };
		7F436A7A23507EDD00A620BA /* AppDelegate.swift */ = {isa = PBXFileReference; lastKnownFileType = sourcecode.swift; path = AppDelegate.swift; sourceTree = "<group>"; };
		7F436A7C23507EDD00A620BA /* ViewController.swift */ = {isa = PBXFileReference; lastKnownFileType = sourcecode.swift; path = ViewController.swift; sourceTree = "<group>"; };
		7F436A7F23507EDD00A620BA /* Base */ = {isa = PBXFileReference; lastKnownFileType = file.storyboard; name = Base; path = Base.lproj/Main.storyboard; sourceTree = "<group>"; };
		7F436A8123507EDD00A620BA /* Assets.xcassets */ = {isa = PBXFileReference; lastKnownFileType = folder.assetcatalog; path = Assets.xcassets; sourceTree = "<group>"; };
		7F436A8423507EDD00A620BA /* Base */ = {isa = PBXFileReference; lastKnownFileType = file.storyboard; name = Base; path = Base.lproj/LaunchScreen.storyboard; sourceTree = "<group>"; };
		7F436A8623507EDD00A620BA /* Info.plist */ = {isa = PBXFileReference; lastKnownFileType = text.plist.xml; path = Info.plist; sourceTree = "<group>"; };
		7F4C46822359C11000C5F3DE /* data.swift */ = {isa = PBXFileReference; lastKnownFileType = sourcecode.swift; path = data.swift; sourceTree = "<group>"; };
		7FCE651623546C6200DE69A1 /* ScoreViewController.swift */ = {isa = PBXFileReference; lastKnownFileType = sourcecode.swift; path = ScoreViewController.swift; sourceTree = "<group>"; };
/* End PBXFileReference section */

/* Begin PBXFrameworksBuildPhase section */
		7F436A7423507EDD00A620BA /* Frameworks */ = {
			isa = PBXFrameworksBuildPhase;
			buildActionMask = 2147483647;
			files = (
			);
			runOnlyForDeploymentPostprocessing = 0;
		};
/* End PBXFrameworksBuildPhase section */

/* Begin PBXGroup section */
		7F436A6E23507EDD00A620BA = {
			isa = PBXGroup;
			children = (
				7F4C46822359C11000C5F3DE /* data.swift */,
				7F436A7923507EDD00A620BA /* JuegoMemoria */,
				7F436A7823507EDD00A620BA /* Products */,
			);
			sourceTree = "<group>";
		};
		7F436A7823507EDD00A620BA /* Products */ = {
			isa = PBXGroup;
			children = (
				7F436A7723507EDD00A620BA /* JuegoMemoria.app */,
			);
			name = Products;
			sourceTree = "<group>";
		};
		7F436A7923507EDD00A620BA /* JuegoMemoria */ = {
			isa = PBXGroup;
			children = (
				7F436A7A23507EDD00A620BA /* AppDelegate.swift */,
				7F436A7C23507EDD00A620BA /* ViewController.swift */,
				7F436A7E23507EDD00A620BA /* Main.storyboard */,
				7FCE651623546C6200DE69A1 /* ScoreViewController.swift */,
				7F436A8123507EDD00A620BA /* Assets.xcassets */,
				7F436A8323507EDD00A620BA /* LaunchScreen.storyboard */,
				7F436A8623507EDD00A620BA /* Info.plist */,
			);
			path = JuegoMemoria;
			sourceTree = "<group>";
		};
/* End PBXGroup section */

/* Begin PBXNativeTarget section */
		7F436A7623507EDD00A620BA /* JuegoMemoria */ = {
			isa = PBXNativeTarget;
			buildConfigurationList = 7F436A8923507EDD00A620BA /* Build configuration list for PBXNativeTarget "JuegoMemoria" */;
			buildPhases = (
				7F436A7323507EDD00A620BA /* Sources */,
				7F436A7423507EDD00A620BA /* Frameworks */,
				7F436A7523507EDD00A620BA /* Resources */,
			);
			buildRules = (
			);
			dependencies = (
			);
			name = JuegoMemoria;
			productName = JuegoMemoria;
			productReference = 7F436A7723507EDD00A620BA /* JuegoMemoria.app */;
			productType = "com.apple.product-type.application";
		};
/* End PBXNativeTarget section */

/* Begin PBXProject section */
		7F436A6F23507EDD00A620BA /* Project object */ = {
			isa = PBXProject;
			attributes = {
				LastSwiftUpdateCheck = 1020;
				LastUpgradeCheck = 1020;
				ORGANIZATIONNAME = alumnos;
				TargetAttributes = {
					7F436A7623507EDD00A620BA = {
						CreatedOnToolsVersion = 10.2.1;
					};
				};
			};
			buildConfigurationList = 7F436A7223507EDD00A620BA /* Build configuration list for PBXProject "JuegoMemoria" */;
			compatibilityVersion = "Xcode 9.3";
			developmentRegion = en;
			hasScannedForEncodings = 0;
			knownRegions = (
				en,
				Base,
			);
			mainGroup = 7F436A6E23507EDD00A620BA;
			productRefGroup = 7F436A7823507EDD00A620BA /* Products */;
			projectDirPath = "";
			projectRoot = "";
			targets = (
				7F436A7623507EDD00A620BA /* JuegoMemoria */,
			);
		};
/* End PBXProject section */

/* Begin PBXResourcesBuildPhase section */
		7F436A7523507EDD00A620BA /* Resources */ = {
			isa = PBXResourcesBuildPhase;
			buildActionMask = 2147483647;
			files = (
				7F436A8523507EDD00A620BA /* LaunchScreen.storyboard in Resources */,
				7F436A8223507EDD00A620BA /* Assets.xcassets in Resources */,
				7F436A8023507EDD00A620BA /* Main.storyboard in Resources */,
			);
			runOnlyForDeploymentPostprocessing = 0;
		};
/* End PBXResourcesBuildPhase section */

/* Begin PBXSourcesBuildPhase section */
		7F436A7323507EDD00A620BA /* Sources */ = {
			isa = PBXSourcesBuildPhase;
			buildActionMask = 2147483647;
			files = (
				7F436A7D23507EDD00A620BA /* ViewController.swift in Sources */,
				7F436A7B23507EDD00A620BA /* AppDelegate.swift in Sources */,
				7FCE651723546C6200DE69A1 /* ScoreViewController.swift in Sources */,
				7F4C46832359C11000C5F3DE /* data.swift in Sources */,
			);
			runOnlyForDeploymentPostprocessing = 0;
		};
/* End PBXSourcesBuildPhase section */

/* Begin PBXVariantGroup section */
		7F436A7E23507EDD00A620BA /* Main.storyboard */ = {
			isa = PBXVariantGroup;
			children = (
				7F436A7F23507EDD00A620BA /* Base */,
			);
			name = Main.storyboard;
			sourceTree = "<group>";
		};
		7F436A8323507EDD00A620BA /* LaunchScreen.storyboard */ = {
			isa = PBXVariantGroup;
			children = (
				7F436A8423507EDD00A620BA /* Base */,
			);
			name = LaunchScreen.storyboard;
			sourceTree = "<group>";
		};
/* End PBXVariantGroup section */

/* Begin XCBuildConfiguration section */
		7F436A8723507EDD00A620BA /* Debug */ = {
			isa = XCBuildConfiguration;
			buildSettings = {
				ALWAYS_SEARCH_USER_PATHS = NO;
				CLANG_ANALYZER_NONNULL = YES;
				CLANG_ANALYZER_NUMBER_OBJECT_CONVERSION = YES_AGGRESSIVE;
				CLANG_CXX_LANGUAGE_STANDARD = "gnu++14";
				CLANG_CXX_LIBRARY = "libc++";
				CLANG_ENABLE_MODULES = YES;
				CLANG_ENABLE_OBJC_ARC = YES;
				CLANG_ENABLE_OBJC_WEAK = YES;
				CLANG_WARN_BLOCK_CAPTURE_AUTORELEASING = YES;
				CLANG_WARN_BOOL_CONVERSION = YES;
				CLANG_WARN_COMMA = YES;
				CLANG_WARN_CONSTANT_CONVERSION = YES;
				CLANG_WARN_DEPRECATED_OBJC_IMPLEMENTATIONS = YES;
				CLANG_WARN_DIRECT_OBJC_ISA_USAGE = YES_ERROR;
				CLANG_WARN_DOCUMENTATION_COMMENTS = YES;
				CLANG_WARN_EMPTY_BODY = YES;
				CLANG_WARN_ENUM_CONVERSION = YES;
				CLANG_WARN_INFINITE_RECURSION = YES;
				CLANG_WARN_INT_CONVERSION = YES;
				CLANG_WARN_NON_LITERAL_NULL_CONVERSION = YES;
				CLANG_WARN_OBJC_IMPLICIT_RETAIN_SELF = YES;
				CLANG_WARN_OBJC_LITERAL_CONVERSION = YES;
				CLANG_WARN_OBJC_ROOT_CLASS = YES_ERROR;
				CLANG_WARN_RANGE_LOOP_ANALYSIS = YES;
				CLANG_WARN_STRICT_PROTOTYPES = YES;
				CLANG_WARN_SUSPICIOUS_MOVE = YES;
				CLANG_WARN_UNGUARDED_AVAILABILITY = YES_AGGRESSIVE;
				CLANG_WARN_UNREACHABLE_CODE = YES;
				CLANG_WARN__DUPLICATE_METHOD_MATCH = YES;
				CODE_SIGN_IDENTITY = "iPhone Developer";
				COPY_PHASE_STRIP = NO;
				DEBUG_INFORMATION_FORMAT = dwarf;
				ENABLE_STRICT_OBJC_MSGSEND = YES;
				ENABLE_TESTABILITY = YES;
				GCC_C_LANGUAGE_STANDARD = gnu11;
				GCC_DYNAMIC_NO_PIC = NO;
				GCC_NO_COMMON_BLOCKS = YES;
				GCC_OPTIMIZATION_LEVEL = 0;
				GCC_PREPROCESSOR_DEFINITIONS = (
					"DEBUG=1",
					"$(inherited)",
				);
				GCC_WARN_64_TO_32_BIT_CONVERSION = YES;
				GCC_WARN_ABOUT_RETURN_TYPE = YES_ERROR;
				GCC_WARN_UNDECLARED_SELECTOR = YES;
				GCC_WARN_UNINITIALIZED_AUTOS = YES_AGGRESSIVE;
				GCC_WARN_UNUSED_FUNCTION = YES;
				GCC_WARN_UNUSED_VARIABLE = YES;
				IPHONEOS_DEPLOYMENT_TARGET = 12.2;
				MTL_ENABLE_DEBUG_INFO = INCLUDE_SOURCE;
				MTL_FAST_MATH = YES;
				ONLY_ACTIVE_ARCH = YES;
				SDKROOT = iphoneos;
				SWIFT_ACTIVE_COMPILATION_CONDITIONS = DEBUG;
				SWIFT_OPTIMIZATION_LEVEL = "-Onone";
			};
			name = Debug;
		};
		7F436A8823507EDD00A620BA /* Release */ = {
			isa = XCBuildConfiguration;
			buildSettings = {
				ALWAYS_SEARCH_USER_PATHS = NO;
				CLANG_ANALYZER_NONNULL = YES;
				CLANG_ANALYZER_NUMBER_OBJECT_CONVERSION = YES_AGGRESSIVE;
				CLANG_CXX_LANGUAGE_STANDARD = "gnu++14";
				CLANG_CXX_LIBRARY = "libc++";
				CLANG_ENABLE_MODULES = YES;
				CLANG_ENABLE_OBJC_ARC = YES;
				CLANG_ENABLE_OBJC_WEAK = YES;
				CLANG_WARN_BLOCK_CAPTURE_AUTORELEASING = YES;
				CLANG_WARN_BOOL_CONVERSION = YES;
				CLANG_WARN_COMMA = YES;
				CLANG_WARN_CONSTANT_CONVERSION = YES;
				CLANG_WARN_DEPRECATED_OBJC_IMPLEMENTATIONS = YES;
				CLANG_WARN_DIRECT_OBJC_ISA_USAGE = YES_ERROR;
				CLANG_WARN_DOCUMENTATION_COMMENTS = YES;
				CLANG_WARN_EMPTY_BODY = YES;
				CLANG_WARN_ENUM_CONVERSION = YES;
				CLANG_WARN_INFINITE_RECURSION = YES;
				CLANG_WARN_INT_CONVERSION = YES;
				CLANG_WARN_NON_LITERAL_NULL_CONVERSION = YES;
				CLANG_WARN_OBJC_IMPLICIT_RETAIN_SELF = YES;
				CLANG_WARN_OBJC_LITERAL_CONVERSION = YES;
				CLANG_WARN_OBJC_ROOT_CLASS = YES_ERROR;
				CLANG_WARN_RANGE_LOOP_ANALYSIS = YES;
				CLANG_WARN_STRICT_PROTOTYPES = YES;
				CLANG_WARN_SUSPICIOUS_MOVE = YES;
				CLANG_WARN_UNGUARDED_AVAILABILITY = YES_AGGRESSIVE;
				CLANG_WARN_UNREACHABLE_CODE = YES;
				CLANG_WARN__DUPLICATE_METHOD_MATCH = YES;
				CODE_SIGN_IDENTITY = "iPhone Developer";
				COPY_PHASE_STRIP = NO;
				DEBUG_INFORMATION_FORMAT = "dwarf-with-dsym";
				ENABLE_NS_ASSERTIONS = NO;
				ENABLE_STRICT_OBJC_MSGSEND = YES;
				GCC_C_LANGUAGE_STANDARD = gnu11;
				GCC_NO_COMMON_BLOCKS = YES;
				GCC_WARN_64_TO_32_BIT_CONVERSION = YES;
				GCC_WARN_ABOUT_RETURN_TYPE = YES_ERROR;
				GCC_WARN_UNDECLARED_SELECTOR = YES;
				GCC_WARN_UNINITIALIZED_AUTOS = YES_AGGRESSIVE;
				GCC_WARN_UNUSED_FUNCTION = YES;
				GCC_WARN_UNUSED_VARIABLE = YES;
				IPHONEOS_DEPLOYMENT_TARGET = 12.2;
				MTL_ENABLE_DEBUG_INFO = NO;
				MTL_FAST_MATH = YES;
				SDKROOT = iphoneos;
				SWIFT_COMPILATION_MODE = wholemodule;
				SWIFT_OPTIMIZATION_LEVEL = "-O";
				VALIDATE_PRODUCT = YES;
			};
			name = Release;
		};
		7F436A8A23507EDD00A620BA /* Debug */ = {
			isa = XCBuildConfiguration;
			buildSettings = {
				ASSETCATALOG_COMPILER_APPICON_NAME = AppIcon;
				CODE_SIGN_STYLE = Automatic;
				DEVELOPMENT_TEAM = "";
				INFOPLIST_FILE = JuegoMemoria/Info.plist;
				IPHONEOS_DEPLOYMENT_TARGET = 12.0;
				LD_RUNPATH_SEARCH_PATHS = (
					"$(inherited)",
					"@executable_path/Frameworks",
				);
				PRODUCT_BUNDLE_IDENTIFIER = u.JuegoMemoria;
				PRODUCT_NAME = "$(TARGET_NAME)";
				SWIFT_VERSION = 5.0;
				TARGETED_DEVICE_FAMILY = "1,2";
			};
			name = Debug;
		};
		7F436A8B23507EDD00A620BA /* Release */ = {
			isa = XCBuildConfiguration;
			buildSettings = {
				ASSETCATALOG_COMPILER_APPICON_NAME = AppIcon;
				CODE_SIGN_STYLE = Automatic;
				DEVELOPMENT_TEAM = "";
				INFOPLIST_FILE = JuegoMemoria/Info.plist;
				IPHONEOS_DEPLOYMENT_TARGET = 12.0;
				LD_RUNPATH_SEARCH_PATHS = (
					"$(inherited)",
					"@executable_path/Frameworks",
				);
				PRODUCT_BUNDLE_IDENTIFIER = u.JuegoMemoria;
				PRODUCT_NAME = "$(TARGET_NAME)";
				SWIFT_VERSION = 5.0;
				TARGETED_DEVICE_FAMILY = "1,2";
			};
			name = Release;
		};
/* End XCBuildConfiguration section */

/* Begin XCConfigurationList section */
		7F436A7223507EDD00A620BA /* Build configuration list for PBXProject "JuegoMemoria" */ = {
			isa = XCConfigurationList;
			buildConfigurations = (
				7F436A8723507EDD00A620BA /* Debug */,
				7F436A8823507EDD00A620BA /* Release */,
			);
			defaultConfigurationIsVisible = 0;
			defaultConfigurationName = Release;
		};
		7F436A8923507EDD00A620BA /* Build configuration list for PBXNativeTarget "JuegoMemoria" */ = {
			isa = XCConfigurationList;
			buildConfigurations = (
				7F436A8A23507EDD00A620BA /* Debug */,
				7F436A8B23507EDD00A620BA /* Release */,
			);
			defaultConfigurationIsVisible = 0;
			defaultConfigurationName = Release;
		};
/* End XCConfigurationList section */
	};
	rootObject = 7F436A6F23507EDD00A620BA /* Project object */;
}
